
Microsoft Visual Studio Solution File, Format Version 12.00
# Visual Studio Express 2012 for Windows Desktop
Project("{FAE04EC0-301F-11D3-BF4B-00C04F79EFBC}") = "PolarPersonalTrainerLib", "PolarPersonalTrainerLib\PolarPersonalTrainerLib.csproj", "{63698E93-204C-4AA8-A07B-352539A380BF}"
EndProject
Global
	GlobalSection(SolutionConfigurationPlatforms) = preSolution
		Debug|Any CPU = Debug|Any CPU
		Release|Any CPU = Release|Any CPU
	EndGlobalSection
	GlobalSection(ProjectConfigurationPlatforms) = postSolution
		{63698E93-204C-4AA8-A07B-352539A380BF}.Debug|Any CPU.ActiveCfg = Debug|Any CPU
		{63698E93-204C-4AA8-A07B-352539A380BF}.Debug|Any CPU.Build.0 = Debug|Any CPU
		{63698E93-204C-4AA8-A07B-352539A380BF}.Release|Any CPU.ActiveCfg = Release|Any CPU
		{63698E93-204C-4AA8-A07B-352539A380BF}.Release|Any CPU.Build.0 = Release|Any CPU
	EndGlobalSection
	GlobalSection(SolutionProperties) = preSolution
		HideSolutionNode = FALSE
	EndGlobalSection
EndGlobal
